{
  "requires": true,
  "lockfileVersion": 1,
  "dependencies": {
    "batch": {
      "version": "0.5.0",
      "resolved": "https://registry.npmjs.org/batch/-/batch-0.5.0.tgz",
      "integrity": "sha1-/S4Fp6XWlrTbkxQBPihdj/NVfsM="
    },
    "bignumber.js": {
      "version": "4.1.0",
      "resolved": "https://registry.npmjs.org/bignumber.js/-/bignumber.js-4.1.0.tgz",
      "integrity": "sha512-eJzYkFYy9L4JzXsbymsFn3p54D+llV27oTQ+ziJG7WFRheJcNZilgVXMG0LoZtlQSKBsJdWtLFqOD0u+U0jZKA=="
    },
    "buffer-crc32": {
      "version": "0.2.1",
      "resolved": "https://registry.npmjs.org/buffer-crc32/-/buffer-crc32-0.2.1.tgz",
      "integrity": "sha1-vj5TgvwCttYySVasGvmKqYsIU0w="
    },
    "bytes": {
      "version": "0.2.1",
      "resolved": "https://registry.npmjs.org/bytes/-/bytes-0.2.1.tgz",
      "integrity": "sha1-VVsIq8sGP4l1kFMCUj5M1P/f3zE="
    },
    "commander": {
      "version": "1.3.2",
      "resolved": "http://registry.npmjs.org/commander/-/commander-1.3.2.tgz",
      "integrity": "sha1-io8w7GcKb91kr1LxkUuQfXnq1bU=",
      "requires": {
        "keypress": "0.1.x"
      }
    },
    "connect": {
      "version": "2.12.0",
      "resolved": "https://registry.npmjs.org/connect/-/connect-2.12.0.tgz",
      "integrity": "sha1-Mdj6DcrN8ZCNgivSkjvootKn7Zo=",
      "requires": {
        "batch": "0.5.0",
        "buffer-crc32": "0.2.1",
        "bytes": "0.2.1",
        "cookie": "0.1.0",
        "cookie-signature": "1.0.1",
        "debug": ">= 0.7.3 < 1",
        "fresh": "0.2.0",
        "methods": "0.1.0",
        "multiparty": "2.2.0",
        "negotiator": "0.3.0",
        "pause": "0.0.1",
        "qs": "0.6.6",
        "raw-body": "1.1.2",
        "send": "0.1.4",
        "uid2": "0.0.3"
      }
    },
    "cookie": {
      "version": "0.1.0",
      "resolved": "https://registry.npmjs.org/cookie/-/cookie-0.1.0.tgz",
      "integrity": "sha1-kOtGndzpBchm3mh+/EMTHYgB+dA="
    },
    "cookie-signature": {
      "version": "1.0.1",
      "resolved": "https://registry.npmjs.org/cookie-signature/-/cookie-signature-1.0.1.tgz",
      "integrity": "sha1-ROByFIrwHm6OJK+/EmkNaK5pjss="
    },
    "core-util-is": {
      "version": "1.0.2",
      "resolved": "https://registry.npmjs.org/core-util-is/-/core-util-is-1.0.2.tgz",
      "integrity": "sha1-tf1UIgqivFq1eqtxQMlAdUUDwac="
    },
    "debug": {
      "version": "0.8.1",
      "resolved": "http://registry.npmjs.org/debug/-/debug-0.8.1.tgz",
      "integrity": "sha1-IP9NJvXkIstoobrLu2EDmtjBwTA="
    },
    "express": {
      "version": "3.4.8",
      "resolved": "http://registry.npmjs.org/express/-/express-3.4.8.tgz",
      "integrity": "sha1-qnqJht4HBTM39Lxe2aZFPZzI4uE=",
      "requires": {
        "buffer-crc32": "0.2.1",
        "commander": "1.3.2",
        "connect": "2.12.0",
        "cookie": "0.1.0",
        "cookie-signature": "1.0.1",
        "debug": ">= 0.7.3 < 1",
        "fresh": "0.2.0",
        "merge-descriptors": "0.0.1",
        "methods": "0.1.0",
        "mkdirp": "0.3.5",
        "range-parser": "0.0.4",
        "send": "0.1.4"
      }
    },
    "fresh": {
      "version": "0.2.0",
      "resolved": "https://registry.npmjs.org/fresh/-/fresh-0.2.0.tgz",
      "integrity": "sha1-v9lALPPfEsSkwxDHn5mj3eE9NKc="
    },
    "http": {
      "version": "0.0.0",
      "resolved": "https://registry.npmjs.org/http/-/http-0.0.0.tgz",
      "integrity": "sha1-huYybSnF0Dnen6xYSkVon5KfT3I="
    },
    "inherits": {
      "version": "2.0.3",
      "resolved": "https://registry.npmjs.org/inherits/-/inherits-2.0.3.tgz",
      "integrity": "sha1-Yzwsg+PaQqUC9SRmAiSA9CCCYd4="
    },
    "is-typedarray": {
      "version": "1.0.0",
      "resolved": "https://registry.npmjs.org/is-typedarray/-/is-typedarray-1.0.0.tgz",
      "integrity": "sha1-5HnICFjfDBsR3dppQPlgEfzaSpo="
    },
    "isarray": {
      "version": "0.0.1",
      "resolved": "https://registry.npmjs.org/isarray/-/isarray-0.0.1.tgz",
      "integrity": "sha1-ihis/Kmo9Bd+Cav8YDiTmwXR7t8="
    },
    "keypress": {
      "version": "0.1.0",
      "resolved": "https://registry.npmjs.org/keypress/-/keypress-0.1.0.tgz",
      "integrity": "sha1-SjGI1CkbZrT2XtuZ+AaqmuKTWSo="
    },
    "merge-descriptors": {
      "version": "0.0.1",
      "resolved": "https://registry.npmjs.org/merge-descriptors/-/merge-descriptors-0.0.1.tgz",
      "integrity": "sha1-L/CYDJJM+B0LXR+2ARd8uLtWwNA="
    },
    "methods": {
      "version": "0.1.0",
      "resolved": "https://registry.npmjs.org/methods/-/methods-0.1.0.tgz",
      "integrity": "sha1-M11Cnu/SG3us8unJIqjSvRSjDk8="
    },
    "mime": {
      "version": "1.2.11",
      "resolved": "http://registry.npmjs.org/mime/-/mime-1.2.11.tgz",
      "integrity": "sha1-WCA+7Ybjpe8XrtK32evUfwpg3RA="
    },
    "mkdirp": {
      "version": "0.3.5",
      "resolved": "http://registry.npmjs.org/mkdirp/-/mkdirp-0.3.5.tgz",
      "integrity": "sha1-3j5fiWHIjHh+4TaN+EmsRBPsqNc="
    },
    "ms": {
      "version": "2.0.0",
      "resolved": "https://registry.npmjs.org/ms/-/ms-2.0.0.tgz",
      "integrity": "sha1-VgiurfwAvmwpAd9fmGF4jeDVl8g="
    },
    "multiparty": {
      "version": "2.2.0",
      "resolved": "https://registry.npmjs.org/multiparty/-/multiparty-2.2.0.tgz",
      "integrity": "sha1-pWfCrwAK0i3I8qZT2Rl4rh9TFvQ=",
      "requires": {
        "readable-stream": "~1.1.9",
        "stream-counter": "~0.2.0"
      }
    },
    "mysql": {
      "version": "2.16.0",
      "resolved": "https://registry.npmjs.org/mysql/-/mysql-2.16.0.tgz",
      "integrity": "sha512-dPbN2LHonQp7D5ja5DJXNbCLe/HRdu+f3v61aguzNRQIrmZLOeRoymBYyeThrR6ug+FqzDL95Gc9maqZUJS+Gw==",
      "requires": {
        "bignumber.js": "4.1.0",
        "readable-stream": "2.3.6",
        "safe-buffer": "5.1.2",
        "sqlstring": "2.3.1"
      },
      "dependencies": {
        "isarray": {
          "version": "1.0.0",
          "resolved": "https://registry.npmjs.org/isarray/-/isarray-1.0.0.tgz",
          "integrity": "sha1-u5NdSFgsuhaMBoNJV6VKPgcSTxE="
        },
        "readable-stream": {
          "version": "2.3.6",
          "resolved": "http://registry.npmjs.org/readable-stream/-/readable-stream-2.3.6.tgz",
          "integrity": "sha512-tQtKA9WIAhBF3+VLAseyMqZeBjW0AHJoxOtYqSUZNJxauErmLbVm2FW1y+J/YA9dUrAC39ITejlZWhVIwawkKw==",
          "requires": {
            "core-util-is": "~1.0.0",
            "inherits": "~2.0.3",
            "isarray": "~1.0.0",
            "process-nextick-args": "~2.0.0",
            "safe-buffer": "~5.1.1",
            "string_decoder": "~1.1.1",
            "util-deprecate": "~1.0.1"
          }
        },
        "string_decoder": {
          "version": "1.1.1",
          "resolved": "http://registry.npmjs.org/string_decoder/-/string_decoder-1.1.1.tgz",
          "integrity": "sha512-n/ShnvDi6FHbbVfviro+WojiFzv+s8MPMHBczVePfUpDJLwoLT0ht1l4YwBCbi8pJAveEEdnkHyPyTP/mzRfwg==",
          "requires": {
            "safe-buffer": "~5.1.0"
          }
        }
      }
    },
    "mysql.js": {
      "version": "1.0.2",
      "resolved": "https://registry.npmjs.org/mysql.js/-/mysql.js-1.0.2.tgz",
      "integrity": "sha1-K6NkYyyyN9Ug7JFqpPgjcdaMLkw=",
      "requires": {
        "mysql": "^2.13.0",
        "sqlstring": "^2.2.0"
      }
    },
    "nan": {
      "version": "2.11.1",
      "resolved": "https://registry.npmjs.org/nan/-/nan-2.11.1.tgz",
      "integrity": "sha512-iji6k87OSXa0CcrLl9z+ZiYSuR2o+c0bGuNmXdrhTQTakxytAFsC56SArGYoiHlJlFoHSnvmhpceZJaXkVuOtA=="
    },
    "negotiator": {
      "version": "0.3.0",
      "resolved": "https://registry.npmjs.org/negotiator/-/negotiator-0.3.0.tgz",
      "integrity": "sha1-cG1pLv7d9XTVfqn7GriaT6fuj2A="
    },
    "node": {
      "version": "11.2.0",
      "resolved": "https://registry.npmjs.org/node/-/node-11.2.0.tgz",
      "integrity": "sha512-w5eDbV+TXzcdu3i1uTn2SZ+n/FR1wuuNHf6gFCNKHi7ggjcVsYwfdPDE4UohwhnyezY8u4ODXXVRqE1HG0ClKg==",
      "requires": {
        "node-bin-setup": "^1.0.0"
      }
    },
    "node-bin-setup": {
      "version": "1.0.6",
      "resolved": "https://registry.npmjs.org/node-bin-setup/-/node-bin-setup-1.0.6.tgz",
      "integrity": "sha512-uPIxXNis1CRbv1DwqAxkgBk5NFV3s7cMN/Gf556jSw6jBvV7ca4F9lRL/8cALcZecRibeqU+5dFYqFFmzv5a0Q=="
    },
    "node.js": {
      "version": "0.0.0",
      "resolved": "https://registry.npmjs.org/node.js/-/node.js-0.0.0.tgz",
      "integrity": "sha1-UI4G+Wudm/h/5r+oTs6zF5T8HIc=",
      "requires": {
        "express": "~3.4.0"
      }
    },
    "pause": {
      "version": "0.0.1",
      "resolved": "https://registry.npmjs.org/pause/-/pause-0.0.1.tgz",
      "integrity": "sha1-HUCLP9t2kjuVQ9lvtMnf1TXZy10="
    },
    "process-nextick-args": {
      "version": "2.0.0",
      "resolved": "https://registry.npmjs.org/process-nextick-args/-/process-nextick-args-2.0.0.tgz",
      "integrity": "sha512-MtEC1TqN0EU5nephaJ4rAtThHtC86dNN9qCuEhtshvpVBkAW5ZO7BASN9REnF9eoXGcRub+pFuKEpOHE+HbEMw=="
    },
    "qs": {
      "version": "0.6.6",
      "resolved": "http://registry.npmjs.org/qs/-/qs-0.6.6.tgz",
      "integrity": "sha1-bgFQmP9RlouKPIGQAdXyyJvEsQc="
    },
    "range-parser": {
      "version": "0.0.4",
      "resolved": "https://registry.npmjs.org/range-parser/-/range-parser-0.0.4.tgz",
      "integrity": "sha1-wEJ//vUcEKy6B4KkbJYC50T/Ygs="
    },
    "raw-body": {
      "version": "1.1.2",
      "resolved": "https://registry.npmjs.org/raw-body/-/raw-body-1.1.2.tgz",
      "integrity": "sha1-x0swBN6l3v0WlhcRBqx0DsMdYr4=",
      "requires": {
        "bytes": "~0.2.1"
      }
    },
    "readable-stream": {
      "version": "1.1.14",
      "resolved": "http://registry.npmjs.org/readable-stream/-/readable-stream-1.1.14.tgz",
      "integrity": "sha1-fPTFTvZI44EwhMY23SB54WbAgdk=",
      "requires": {
        "core-util-is": "~1.0.0",
        "inherits": "~2.0.1",
        "isarray": "0.0.1",
        "string_decoder": "~0.10.x"
      }
    },
    "safe-buffer": {
      "version": "5.1.2",
      "resolved": "https://registry.npmjs.org/safe-buffer/-/safe-buffer-5.1.2.tgz",
      "integrity": "sha512-Gd2UZBJDkXlY7GbJxfsE8/nvKkUEU1G38c1siN6QP6a9PT9MmHB8GnpscSmMJSoF8LOIrt8ud/wPtojys4G6+g=="
    },
    "send": {
      "version": "0.1.4",
      "resolved": "https://registry.npmjs.org/send/-/send-0.1.4.tgz",
      "integrity": "sha1-vnDY0b4B3mGCGvE3gLUDRaT3Gr0=",
      "requires": {
        "debug": "*",
        "fresh": "0.2.0",
        "mime": "~1.2.9",
        "range-parser": "0.0.4"
      }
    },
    "sqlstring": {
      "version": "2.3.1",
      "resolved": "https://registry.npmjs.org/sqlstring/-/sqlstring-2.3.1.tgz",
      "integrity": "sha1-R1OT/56RR5rqYtyvDKPRSYOn+0A="
    },
    "stream-counter": {
      "version": "0.2.0",
      "resolved": "https://registry.npmjs.org/stream-counter/-/stream-counter-0.2.0.tgz",
      "integrity": "sha1-3tJmVWMZyLDiIoErnPOyb6fZR94=",
      "requires": {
        "readable-stream": "~1.1.8"
      }
    },
    "string_decoder": {
      "version": "0.10.31",
      "resolved": "http://registry.npmjs.org/string_decoder/-/string_decoder-0.10.31.tgz",
      "integrity": "sha1-YuIDvEF2bGwoyfyEMB2rHFMQ+pQ="
    },
    "typedarray-to-buffer": {
      "version": "3.1.5",
      "resolved": "https://registry.npmjs.org/typedarray-to-buffer/-/typedarray-to-buffer-3.1.5.tgz",
      "integrity": "sha512-zdu8XMNEDepKKR+XYOXAVPtWui0ly0NtohUscw+UmaHiAWT8hrV1rr//H6V+0DvJ3OQ19S979M0laLfX8rm82Q==",
      "requires": {
        "is-typedarray": "^1.0.0"
      }
    },
    "uid2": {
      "version": "0.0.3",
      "resolved": "https://registry.npmjs.org/uid2/-/uid2-0.0.3.tgz",
      "integrity": "sha1-SDEm4Rd03y9xuLY53NeZw3YWK4I="
    },
    "util-deprecate": {
      "version": "1.0.2",
      "resolved": "https://registry.npmjs.org/util-deprecate/-/util-deprecate-1.0.2.tgz",
      "integrity": "sha1-RQ1Nyfpw3nMnYvvS1KKJgUGaDM8="
    },
    "websocket": {
      "version": "1.0.28",
      "resolved": "https://registry.npmjs.org/websocket/-/websocket-1.0.28.tgz",
      "integrity": "sha512-00y/20/80P7H4bCYkzuuvvfDvh+dgtXi5kzDf3UcZwN6boTYaKvsrtZ5lIYm1Gsg48siMErd9M4zjSYfYFHTrA==",
      "requires": {
        "debug": "^2.2.0",
        "nan": "^2.11.0",
        "typedarray-to-buffer": "^3.1.5",
        "yaeti": "^0.0.6"
      },
      "dependencies": {
        "debug": {
          "version": "2.6.9",
          "resolved": "https://registry.npmjs.org/debug/-/debug-2.6.9.tgz",
          "integrity": "sha512-bC7ElrdJaJnPbAP+1EotYvqZsb3ecl5wi6Bfi6BJTUcNowp6cvspg0jXznRTKDjm/E7AdgFBVeAPVMNcKGsHMA==",
          "requires": {
            "ms": "2.0.0"
          }
        }
      }
    },
    "yaeti": {
      "version": "0.0.6",
      "resolved": "https://registry.npmjs.org/yaeti/-/yaeti-0.0.6.tgz",
      "integrity": "sha1-8m9ITXJoTPQr7ft2lwqhYI+/lXc="
    }
  }
}
